
Microsoft Visual Studio Solution File, Format Version 12.00
# Visual Studio 15
VisualStudioVersion = 15.0.27703.2042
MinimumVisualStudioVersion = 10.0.40219.1
Project("{FAE04EC0-301F-11D3-BF4B-00C04F79EFBC}") = "CodeFirst", "CodeFirst\CodeFirst.csproj", "{A52717DE-029F-4FDE-9400-275EAFACB033}"
EndProject
Project("{FAE04EC0-301F-11D3-BF4B-00C04F79EFBC}") = "Models", "Models\Models.csproj", "{512A48E7-5225-4F4E-A4AA-89B759269133}"
EndProject
Global
	GlobalSection(SolutionConfigurationPlatforms) = preSolution
		Debug|Any CPU = Debug|Any CPU
		Release|Any CPU = Release|Any CPU
	EndGlobalSection
	GlobalSection(ProjectConfigurationPlatforms) = postSolution
		{A52717DE-029F-4FDE-9400-275EAFACB033}.Debug|Any CPU.ActiveCfg = Debug|Any CPU
		{A52717DE-029F-4FDE-9400-275EAFACB033}.Debug|Any CPU.Build.0 = Debug|Any CPU
		{A52717DE-029F-4FDE-9400-275EAFACB033}.Release|Any CPU.ActiveCfg = Release|Any CPU
		{A52717DE-029F-4FDE-9400-275EAFACB033}.Release|Any CPU.Build.0 = Release|Any CPU
		{512A48E7-5225-4F4E-A4AA-89B759269133}.Debug|Any CPU.ActiveCfg = Debug|Any CPU
		{512A48E7-5225-4F4E-A4AA-89B759269133}.Debug|Any CPU.Build.0 = Debug|Any CPU
		{512A48E7-5225-4F4E-A4AA-89B759269133}.Release|Any CPU.ActiveCfg = Release|Any CPU
		{512A48E7-5225-4F4E-A4AA-89B759269133}.Release|Any CPU.Build.0 = Release|Any CPU
	EndGlobalSection
	GlobalSection(SolutionProperties) = preSolution
		HideSolutionNode = FALSE
	EndGlobalSection
	GlobalSection(ExtensibilityGlobals) = postSolution
		SolutionGuid = {0DBF518D-3F61-4DCD-8BD6-3EDA9C37698B}
	EndGlobalSection
EndGlobal
